
Microsoft Visual Studio Solution File, Format Version 12.00
# Visual Studio Version 17
VisualStudioVersion = 17.7.34009.444
MinimumVisualStudioVersion = 10.0.40219.1
Project("{FAE04EC0-301F-11D3-BF4B-00C04F79EFBC}") = "MediaAdvertisingApp", "MediaAdvertisingApp.csproj", "{EE85B87C-B57B-46AF-B643-E2663A933E8A}"
EndProject
Global
	GlobalSection(SolutionConfigurationPlatforms) = preSolution
		Debug|Any CPU = Debug|Any CPU
		Release|Any CPU = Release|Any CPU
	EndGlobalSection
	GlobalSection(ProjectConfigurationPlatforms) = postSolution
		{EE85B87C-B57B-46AF-B643-E2663A933E8A}.Debug|Any CPU.ActiveCfg = Debug|Any CPU
		{EE85B87C-B57B-46AF-B643-E2663A933E8A}.Debug|Any CPU.Build.0 = Debug|Any CPU
		{EE85B87C-B57B-46AF-B643-E2663A933E8A}.Release|Any CPU.ActiveCfg = Release|Any CPU
		{EE85B87C-B57B-46AF-B643-E2663A933E8A}.Release|Any CPU.Build.0 = Release|Any CPU
	EndGlobalSection
	GlobalSection(SolutionProperties) = preSolution
		HideSolutionNode = FALSE
	EndGlobalSection
	GlobalSection(ExtensibilityGlobals) = postSolution
		SolutionGuid = {FC24CDB0-1804-43B3-8311-6C431A044373}
	EndGlobalSection
EndGlobal
